schema: '2.0'
stages:
  preprocess:
    cmd: python -m src.data_preprocessing --config params.yaml
    deps:
    - path: CMaps/train_FD001.txt
      hash: md5
      md5: 259f340bac32ce6fa8894815600fa757
      size: 3515356
    - path: CMaps/train_FD002.txt
      hash: md5
      md5: b6eaab2a6b589e5e41d43ca2f99e379b
      size: 9082480
    - path: CMaps/train_FD003.txt
      hash: md5
      md5: 81298e81977a53aa268ad500ac42b2d7
      size: 4213862
    - path: CMaps/train_FD004.txt
      hash: md5
      md5: 8b510e2c1460ba87214f58ceb3cd0266
      size: 10350705
    - path: params.yaml
      hash: md5
      md5: 74f39069d73d7e1f2496519dc4eab9cf
      size: 474
    - path: src/data_preprocessing.py
      hash: md5
      md5: 931e6196749cf1c1cc3a38f55de6fc99
      size: 4748
    - path: src/utils.py
      hash: md5
      md5: 21ac8ead13ede6ced37a533518e905b7
      size: 1398
    outs:
    - path: artifacts/processed/meta_features.json
      hash: md5
      md5: 9e8ec54167c008bab4a50d1f7a1b917c
      size: 509
    - path: artifacts/processed/train.csv
      hash: md5
      md5: 981abd6b126b4b18d57906d3ed437c21
      size: 24731745
    - path: artifacts/processed/val.csv
      hash: md5
      md5: ffbab25e8ef4fdc87de67cca5e9d613c
      size: 6145379
  train:
    cmd: python -m src.train_model --config params.yaml
    deps:
    - path: artifacts/processed/meta_features.json
      hash: md5
      md5: 9e8ec54167c008bab4a50d1f7a1b917c
      size: 509
    - path: artifacts/processed/train.csv
      hash: md5
      md5: 981abd6b126b4b18d57906d3ed437c21
      size: 24731745
    - path: artifacts/processed/val.csv
      hash: md5
      md5: ffbab25e8ef4fdc87de67cca5e9d613c
      size: 6145379
    - path: params.yaml
      hash: md5
      md5: 74f39069d73d7e1f2496519dc4eab9cf
      size: 474
    - path: src/train_model.py
      hash: md5
      md5: 3e48e28e4cf20f421bb1aa7dafc33b6e
      size: 7578
    - path: src/utils.py
      hash: md5
      md5: 21ac8ead13ede6ced37a533518e905b7
      size: 1398
    outs:
    - path: mlruns
      hash: md5
      md5: 6073923caa6754410c1c3bbc4e36b2bb.dir
      size: 16580372
      nfiles: 5
    - path: models/best_model.joblib
      hash: md5
      md5: 2c82e80113d347728e2bbcbfdcb7dd39
      size: 16579494
